{
    "name": "paradox-anticheat",
    "version": "3.0.15",
    "lockfileVersion": 3,
    "requires": true,
    "packages": {
        "": {
            "name": "paradox-anticheat",
            "version": "3.0.15",
            "devDependencies": {
                "@minecraft/server": "1.1.0-beta.1.19.70-stable",
                "@minecraft/server-gametest": "1.0.0-beta.1.19.70-stable",
                "@minecraft/server-ui": "1.0.0-beta.1.19.70-stable",
                "prettier": "^2.8.4",
                "typescript": "^4.9.5"
            }
        },
        "node_modules/@minecraft/server": {
            "version": "1.1.0-beta.1.19.70-stable",
            "resolved": "https://registry.npmjs.org/@minecraft/server/-/server-1.1.0-beta.1.19.70-stable.tgz",
            "integrity": "sha512-hdCxtHCh2iPfJO9uZEUcYlPt03xe5FyAjfYUgt8LV+QR81EG6WSz24IFcmNDDyWoBh2nHy/GVLU+xtk0LUhRsg==",
            "dev": true
        },
        "node_modules/@minecraft/server-gametest": {
            "version": "1.0.0-beta.1.19.70-stable",
            "resolved": "https://registry.npmjs.org/@minecraft/server-gametest/-/server-gametest-1.0.0-beta.1.19.70-stable.tgz",
            "integrity": "sha512-WrKH4PHGRqEndSyP0znb/a7N4gCzU00xulxG+3sOE/cOyjPanu5UVWsW24VUtBsaZwiwGEdbKwadkPoXS3CnJQ==",
            "dev": true,
            "dependencies": {
                "@minecraft/server": "1.1.0-beta.1.19.70-stable"
            }
        },
        "node_modules/@minecraft/server-ui": {
            "version": "1.0.0-beta.1.19.70-stable",
            "resolved": "https://registry.npmjs.org/@minecraft/server-ui/-/server-ui-1.0.0-beta.1.19.70-stable.tgz",
            "integrity": "sha512-qKzxDCfGOWCcw4lACQPyu9VdKa+42BpbKcIfipKvs+F2nN8xr+0RQrPn+KU95LPgwhuVQWZUOUIZbvAfmyuXqA==",
            "dev": true,
            "dependencies": {
                "@minecraft/server": "1.1.0-beta.1.19.70-stable"
            }
        },
        "node_modules/prettier": {
            "version": "2.8.4",
            "resolved": "https://registry.npmjs.org/prettier/-/prettier-2.8.4.tgz",
            "integrity": "sha512-vIS4Rlc2FNh0BySk3Wkd6xmwxB0FpOndW5fisM5H8hsZSxU2VWVB5CWIkIjWvrHjIhxk2g3bfMKM87zNTrZddw==",
            "dev": true,
            "bin": {
                "prettier": "bin-prettier.js"
            },
            "engines": {
                "node": ">=10.13.0"
            },
            "funding": {
                "url": "https://github.com/prettier/prettier?sponsor=1"
            }
        },
        "node_modules/typescript": {
            "version": "4.9.5",
            "resolved": "https://registry.npmjs.org/typescript/-/typescript-4.9.5.tgz",
            "integrity": "sha512-1FXk9E2Hm+QzZQ7z+McJiHL4NW1F2EzMu9Nq9i3zAaGqibafqYwCVU6WyWAuyQRRzOlxou8xZSyXLEN8oKj24g==",
            "dev": true,
            "bin": {
                "tsc": "bin/tsc",
                "tsserver": "bin/tsserver"
            },
            "engines": {
                "node": ">=4.2.0"
            }
        }
    }
}
