{
    "name": "paradox-anticheat",
    "version": "3.3.2",
    "lockfileVersion": 3,
    "requires": true,
    "packages": {
        "": {
            "name": "paradox-anticheat",
            "version": "3.3.2",
            "hasInstallScript": true,
            "dependencies": {
                "@minecraft/server": "1.4.0-beta.1.20.10-stable",
                "@minecraft/server-ui": "1.2.0-beta.1.20.10-stable",
                "typescript": "5.1.6"
            },
            "devDependencies": {
                "7zip-bin": "5.2.0",
                "prettier": "3.0.0"
            }
        },
        "node_modules/@minecraft/server": {
            "version": "1.4.0-beta.1.20.10-stable",
            "resolved": "https://registry.npmjs.org/@minecraft/server/-/server-1.4.0-beta.1.20.10-stable.tgz",
            "integrity": "sha512-GFxR3rc83fLG4G1QV51D6a7V1EylomZrUMO1oUNINhkMpNBe2ACA9CBpLpkixxg0Y3aDpUnTkuhjQpoMnekPSA=="
        },
        "node_modules/@minecraft/server-ui": {
            "version": "1.2.0-beta.1.20.10-stable",
            "resolved": "https://registry.npmjs.org/@minecraft/server-ui/-/server-ui-1.2.0-beta.1.20.10-stable.tgz",
            "integrity": "sha512-ciStJuaHMxQhddJzZPiaJJBi6LjVEugr5LoamUaQhdd2qfgILAz/k3Nfwsx7YYDSTrg6jmMrAj4+Na5IJ7VITw==",
            "dependencies": {
                "@minecraft/server": "^1.4.0-beta.1.20.10-stable"
            }
        },
        "node_modules/7zip-bin": {
            "version": "5.2.0",
            "resolved": "https://registry.npmjs.org/7zip-bin/-/7zip-bin-5.2.0.tgz",
            "integrity": "sha512-ukTPVhqG4jNzMro2qA9HSCSSVJN3aN7tlb+hfqYCt3ER0yWroeA2VR38MNrOHLQ/cVj+DaIMad0kFCtWWowh/A==",
            "dev": true
        },
        "node_modules/prettier": {
            "version": "3.0.0",
            "resolved": "https://registry.npmjs.org/prettier/-/prettier-3.0.0.tgz",
            "integrity": "sha512-zBf5eHpwHOGPC47h0zrPyNn+eAEIdEzfywMoYn2XPi0P44Zp0tSq64rq0xAREh4auw2cJZHo9QUob+NqCQky4g==",
            "dev": true,
            "bin": {
                "prettier": "bin/prettier.cjs"
            },
            "engines": {
                "node": ">=14"
            },
            "funding": {
                "url": "https://github.com/prettier/prettier?sponsor=1"
            }
        },
        "node_modules/typescript": {
            "version": "5.1.6",
            "resolved": "https://registry.npmjs.org/typescript/-/typescript-5.1.6.tgz",
            "integrity": "sha512-zaWCozRZ6DLEWAWFrVDz1H6FVXzUSfTy5FUMWsQlU8Ym5JP9eO4xkTIROFCQvhQf61z6O/G6ugw3SgAnvvm+HA==",
            "bin": {
                "tsc": "bin/tsc",
                "tsserver": "bin/tsserver"
            },
            "engines": {
                "node": ">=14.17"
            }
        }
    }
}
