{
  "name": "src",
  "lockfileVersion": 3,
  "requires": true,
  "packages": {
    "": {
      "dependencies": {
        "@minecraft/vanilla-data": "^1.20.70",
        "crypto-es": "^2.1.0"
      }
    },
    "node_modules/@minecraft/vanilla-data": {
      "version": "1.20.70",
      "resolved": "https://registry.npmjs.org/@minecraft/vanilla-data/-/vanilla-data-1.20.70.tgz",
      "integrity": "sha512-t6NGlfaI7d/HyQFrHe2rvqPujdlRkTz7futtKoFilC7bh/9ZjA8Hu4LTPI597zJd3SdR1I9Rp8dwooK2apDLSg=="
    },
    "node_modules/crypto-es": {
      "version": "2.1.0",
      "resolved": "https://registry.npmjs.org/crypto-es/-/crypto-es-2.1.0.tgz",
      "integrity": "sha512-C5Dbuv4QTPGuloy5c5Vv/FZHtmK+lobLAypFfuRaBbwCsk3qbCWWESCH3MUcBsrgXloRNMrzwUAiPg4U6+IaKA=="
    }
  }
}
