{
  "name": "src",
  "lockfileVersion": 2,
  "requires": true,
  "packages": {
    "": {
      "dependencies": {
        "@minecraft/vanilla-data": "^1.20.10"
      }
    },
    "node_modules/@minecraft/vanilla-data": {
      "version": "1.20.10",
      "resolved": "https://registry.npmjs.org/@minecraft/vanilla-data/-/vanilla-data-1.20.10.tgz",
      "integrity": "sha512-3FbbRSJspjJyk5eFPSj70wp776tIaqP3Apo2q2yCMkzBhH0iwPizl5aDer6ZwWBPiipGev9039Or2R9wyAplbg=="
    }
  },
  "dependencies": {
    "@minecraft/vanilla-data": {
      "version": "1.20.10",
      "resolved": "https://registry.npmjs.org/@minecraft/vanilla-data/-/vanilla-data-1.20.10.tgz",
      "integrity": "sha512-3FbbRSJspjJyk5eFPSj70wp776tIaqP3Apo2q2yCMkzBhH0iwPizl5aDer6ZwWBPiipGev9039Or2R9wyAplbg=="
    }
  }
}
